
Microsoft Visual Studio Solution File, Format Version 12.00
Project("{2150E333-8FDC-42A3-9474-1A3956D46DE8}") = "UserService", "UserService", "{4F3A4584-AE87-4A56-8521-D8253DE28829}"
EndProject
Project("{FAE04EC0-301F-11D3-BF4B-00C04F79EFBC}") = "UserService.Api", "UserService.Api\UserService.Api.csproj", "{EEEAEB32-E95F-43D7-8F6A-BF1F2CEC006F}"
EndProject
Project("{FAE04EC0-301F-11D3-BF4B-00C04F79EFBC}") = "UserService.Application", "UserService.Application\UserService.Application.csproj", "{88E2E410-D3C5-4D10-B761-CA9CB778E181}"
EndProject
Project("{FAE04EC0-301F-11D3-BF4B-00C04F79EFBC}") = "UserService.Domain", "UserService.Domain\UserService.Domain.csproj", "{1FDCF9BE-EBAF-4424-ADDE-9ECC644EEEE7}"
EndProject
Project("{FAE04EC0-301F-11D3-BF4B-00C04F79EFBC}") = "UserService.Infrastructure", "UserService.Infrastructure\UserService.Infrastructure.csproj", "{EE41937A-2A59-4A1F-B218-843E723F4B59}"
EndProject
Project("{2150E333-8FDC-42A3-9474-1A3956D46DE8}") = "DocumentService", "DocumentService", "{F073E89E-1745-495A-A5D0-10E04B497018}"
EndProject
Project("{FAE04EC0-301F-11D3-BF4B-00C04F79EFBC}") = "DocumentService.Api", "DocumentService.Api\DocumentService.Api.csproj", "{A7E3B864-80A4-48F9-A86F-63A06ACC12A9}"
EndProject
Project("{FAE04EC0-301F-11D3-BF4B-00C04F79EFBC}") = "DocumentService.Application", "DocumentService.Application\DocumentService.Application.csproj", "{F9257307-26E7-4736-A26A-26CC592EA2A2}"
EndProject
Project("{FAE04EC0-301F-11D3-BF4B-00C04F79EFBC}") = "DocumentService.Domain", "DocumentService.Domain\DocumentService.Domain.csproj", "{75DA4DC6-F97A-478D-A687-03694BA43F38}"
EndProject
Project("{FAE04EC0-301F-11D3-BF4B-00C04F79EFBC}") = "DocumentService.Infrastructure", "DocumentService.Infrastructure\DocumentService.Infrastructure.csproj", "{4D085328-BE7C-4D55-BA2A-3C75ABB8AAE7}"
EndProject
Project("{2150E333-8FDC-42A3-9474-1A3956D46DE8}") = "DictionaryService", "DictionaryService", "{F054FAB4-81C5-4D58-9849-23A795C6745B}"
EndProject
Project("{FAE04EC0-301F-11D3-BF4B-00C04F79EFBC}") = "DictionaryService.Api", "DictionaryService.Api\DictionaryService.Api.csproj", "{F9650D8F-4CF0-44A9-966B-D5734A67245B}"
EndProject
Project("{FAE04EC0-301F-11D3-BF4B-00C04F79EFBC}") = "DictionaryService.Application", "DictionaryService.Application\DictionaryService.Application.csproj", "{31C53DA4-6859-47FD-845B-AAE234E39B92}"
EndProject
Project("{FAE04EC0-301F-11D3-BF4B-00C04F79EFBC}") = "DictionaryService.Domain", "DictionaryService.Domain\DictionaryService.Domain.csproj", "{2F697F6B-D6F4-49F2-B935-1965433C46B8}"
EndProject
Project("{FAE04EC0-301F-11D3-BF4B-00C04F79EFBC}") = "DictionaryService.Infrastructure", "DictionaryService.Infrastructure\DictionaryService.Infrastructure.csproj", "{15EC304F-AC99-436F-804C-F588D13FB7CE}"
EndProject
Project("{2150E333-8FDC-42A3-9474-1A3956D46DE8}") = "NotificationService", "NotificationService", "{BDEEB593-B0BB-4192-B0CB-B57F01E0D0F0}"
EndProject
Project("{FAE04EC0-301F-11D3-BF4B-00C04F79EFBC}") = "NotificationService.Api", "NotificationService.Api\NotificationService.Api.csproj", "{869AE482-AE14-446E-A292-4457BA8F4967}"
EndProject
Project("{FAE04EC0-301F-11D3-BF4B-00C04F79EFBC}") = "NotificationService.Application", "NotificationService.Application\NotificationService.Application.csproj", "{99481D60-D152-4612-8858-CC7FC906C26A}"
EndProject
Project("{2150E333-8FDC-42A3-9474-1A3956D46DE8}") = "AdmissionService", "AdmissionService", "{A2206D85-90D6-4257-A213-56DC66D026F1}"
EndProject
Project("{FAE04EC0-301F-11D3-BF4B-00C04F79EFBC}") = "AdmissionService.Api", "AdmissionService.Api\AdmissionService.Api.csproj", "{8282F02F-368B-47C2-B27B-45759DB5810D}"
EndProject
Project("{FAE04EC0-301F-11D3-BF4B-00C04F79EFBC}") = "AdmissionService.Application", "AdmissionService.Application\AdmissionService.Application.csproj", "{EDD26151-952B-41CC-8666-6D5526CA8443}"
EndProject
Project("{FAE04EC0-301F-11D3-BF4B-00C04F79EFBC}") = "AdmissionService.Domain", "AdmissionService.Domain\AdmissionService.Domain.csproj", "{3DB51CCA-0529-44A5-91CF-C0EA0D4A2FDB}"
EndProject
Project("{FAE04EC0-301F-11D3-BF4B-00C04F79EFBC}") = "AdmissionService.Infrastructure", "AdmissionService.Infrastructure\AdmissionService.Infrastructure.csproj", "{964117D3-9980-4CE4-BCF7-3D67273CFBB3}"
EndProject
Project("{2150E333-8FDC-42A3-9474-1A3956D46DE8}") = "AdminPanel", "AdminPanel", "{2B98075D-23E7-4411-8855-574C5C191A5A}"
EndProject
Project("{2150E333-8FDC-42A3-9474-1A3956D46DE8}") = "Contract", "Contract", "{382B16EE-2220-4890-BA1C-849A753124B8}"
EndProject
Project("{FAE04EC0-301F-11D3-BF4B-00C04F79EFBC}") = "Contract.Domain", "Contract.Domain\Contract.Domain.csproj", "{EFEA9A92-B27A-4CEF-93F5-02161F88B693}"
EndProject
Project("{FAE04EC0-301F-11D3-BF4B-00C04F79EFBC}") = "Contract.Application", "Contract.Application\Contract.Application.csproj", "{0284AF70-6505-4840-83B8-FC4CE9A62234}"
EndProject
Project("{FAE04EC0-301F-11D3-BF4B-00C04F79EFBC}") = "AdminPanel.Mvc", "AdminPanel.Mvc\AdminPanel.Mvc.csproj", "{F157B6D8-88B0-4F91-BBC9-D3986F002B91}"
EndProject
Project("{FAE04EC0-301F-11D3-BF4B-00C04F79EFBC}") = "Contract.Messaging", "Contract.Messaging\Contract.Messaging.csproj", "{DFABD195-7F3D-4B51-9958-EFFA56D00856}"
EndProject
Project("{FAE04EC0-301F-11D3-BF4B-00C04F79EFBC}") = "Contract.RabbitMQ", "Contract.RabbitMQ\Contract.RabbitMQ.csproj", "{E2A0274C-D928-43C8-AE3C-CA458352891C}"
EndProject
Project("{FAE04EC0-301F-11D3-BF4B-00C04F79EFBC}") = "NotificationService.Infrastructure", "NotificationService.Infrastructure\NotificationService.Infrastructure.csproj", "{1CBFF854-028A-407D-AC37-D16AE2C0C81B}"
EndProject
Project("{FAE04EC0-301F-11D3-BF4B-00C04F79EFBC}") = "Contract.Api", "Contract.Api\Contract.Api.csproj", "{160F2F4A-DF1D-4587-A997-D0D6F60F36F3}"
EndProject
Project("{2150E333-8FDC-42A3-9474-1A3956D46DE8}") = "ApiGateway", "ApiGateway", "{75204634-9B48-4FD9-9DD4-BAA1F2BCFAE0}"
EndProject
Project("{FAE04EC0-301F-11D3-BF4B-00C04F79EFBC}") = "ApiGateway.ApiGateway", "ApiGateway.ApiGateway\ApiGateway.ApiGateway.csproj", "{E032B311-77EC-43B2-A72C-AA42E6500898}"
EndProject
Project("{FAE04EC0-301F-11D3-BF4B-00C04F79EFBC}") = "Contract.Dtos", "Contract.Dtos\Contract.Dtos.csproj", "{AFA72604-F79F-44F9-A967-939D6A94C35B}"
EndProject
Global
	GlobalSection(SolutionConfigurationPlatforms) = preSolution
		Debug|Any CPU = Debug|Any CPU
		Release|Any CPU = Release|Any CPU
	EndGlobalSection
	GlobalSection(NestedProjects) = preSolution
		{EEEAEB32-E95F-43D7-8F6A-BF1F2CEC006F} = {4F3A4584-AE87-4A56-8521-D8253DE28829}
		{88E2E410-D3C5-4D10-B761-CA9CB778E181} = {4F3A4584-AE87-4A56-8521-D8253DE28829}
		{1FDCF9BE-EBAF-4424-ADDE-9ECC644EEEE7} = {4F3A4584-AE87-4A56-8521-D8253DE28829}
		{EE41937A-2A59-4A1F-B218-843E723F4B59} = {4F3A4584-AE87-4A56-8521-D8253DE28829}
		{A7E3B864-80A4-48F9-A86F-63A06ACC12A9} = {F073E89E-1745-495A-A5D0-10E04B497018}
		{F9257307-26E7-4736-A26A-26CC592EA2A2} = {F073E89E-1745-495A-A5D0-10E04B497018}
		{75DA4DC6-F97A-478D-A687-03694BA43F38} = {F073E89E-1745-495A-A5D0-10E04B497018}
		{4D085328-BE7C-4D55-BA2A-3C75ABB8AAE7} = {F073E89E-1745-495A-A5D0-10E04B497018}
		{F9650D8F-4CF0-44A9-966B-D5734A67245B} = {F054FAB4-81C5-4D58-9849-23A795C6745B}
		{31C53DA4-6859-47FD-845B-AAE234E39B92} = {F054FAB4-81C5-4D58-9849-23A795C6745B}
		{2F697F6B-D6F4-49F2-B935-1965433C46B8} = {F054FAB4-81C5-4D58-9849-23A795C6745B}
		{15EC304F-AC99-436F-804C-F588D13FB7CE} = {F054FAB4-81C5-4D58-9849-23A795C6745B}
		{869AE482-AE14-446E-A292-4457BA8F4967} = {BDEEB593-B0BB-4192-B0CB-B57F01E0D0F0}
		{99481D60-D152-4612-8858-CC7FC906C26A} = {BDEEB593-B0BB-4192-B0CB-B57F01E0D0F0}
		{8282F02F-368B-47C2-B27B-45759DB5810D} = {A2206D85-90D6-4257-A213-56DC66D026F1}
		{EDD26151-952B-41CC-8666-6D5526CA8443} = {A2206D85-90D6-4257-A213-56DC66D026F1}
		{3DB51CCA-0529-44A5-91CF-C0EA0D4A2FDB} = {A2206D85-90D6-4257-A213-56DC66D026F1}
		{964117D3-9980-4CE4-BCF7-3D67273CFBB3} = {A2206D85-90D6-4257-A213-56DC66D026F1}
		{EFEA9A92-B27A-4CEF-93F5-02161F88B693} = {382B16EE-2220-4890-BA1C-849A753124B8}
		{0284AF70-6505-4840-83B8-FC4CE9A62234} = {382B16EE-2220-4890-BA1C-849A753124B8}
		{F157B6D8-88B0-4F91-BBC9-D3986F002B91} = {2B98075D-23E7-4411-8855-574C5C191A5A}
		{DFABD195-7F3D-4B51-9958-EFFA56D00856} = {382B16EE-2220-4890-BA1C-849A753124B8}
		{E2A0274C-D928-43C8-AE3C-CA458352891C} = {382B16EE-2220-4890-BA1C-849A753124B8}
		{1CBFF854-028A-407D-AC37-D16AE2C0C81B} = {BDEEB593-B0BB-4192-B0CB-B57F01E0D0F0}
		{160F2F4A-DF1D-4587-A997-D0D6F60F36F3} = {382B16EE-2220-4890-BA1C-849A753124B8}
		{E032B311-77EC-43B2-A72C-AA42E6500898} = {75204634-9B48-4FD9-9DD4-BAA1F2BCFAE0}
		{AFA72604-F79F-44F9-A967-939D6A94C35B} = {382B16EE-2220-4890-BA1C-849A753124B8}
	EndGlobalSection
	GlobalSection(ProjectConfigurationPlatforms) = postSolution
		{EEEAEB32-E95F-43D7-8F6A-BF1F2CEC006F}.Debug|Any CPU.ActiveCfg = Debug|Any CPU
		{EEEAEB32-E95F-43D7-8F6A-BF1F2CEC006F}.Debug|Any CPU.Build.0 = Debug|Any CPU
		{EEEAEB32-E95F-43D7-8F6A-BF1F2CEC006F}.Release|Any CPU.ActiveCfg = Release|Any CPU
		{EEEAEB32-E95F-43D7-8F6A-BF1F2CEC006F}.Release|Any CPU.Build.0 = Release|Any CPU
		{88E2E410-D3C5-4D10-B761-CA9CB778E181}.Debug|Any CPU.ActiveCfg = Debug|Any CPU
		{88E2E410-D3C5-4D10-B761-CA9CB778E181}.Debug|Any CPU.Build.0 = Debug|Any CPU
		{88E2E410-D3C5-4D10-B761-CA9CB778E181}.Release|Any CPU.ActiveCfg = Release|Any CPU
		{88E2E410-D3C5-4D10-B761-CA9CB778E181}.Release|Any CPU.Build.0 = Release|Any CPU
		{1FDCF9BE-EBAF-4424-ADDE-9ECC644EEEE7}.Debug|Any CPU.ActiveCfg = Debug|Any CPU
		{1FDCF9BE-EBAF-4424-ADDE-9ECC644EEEE7}.Debug|Any CPU.Build.0 = Debug|Any CPU
		{1FDCF9BE-EBAF-4424-ADDE-9ECC644EEEE7}.Release|Any CPU.ActiveCfg = Release|Any CPU
		{1FDCF9BE-EBAF-4424-ADDE-9ECC644EEEE7}.Release|Any CPU.Build.0 = Release|Any CPU
		{EE41937A-2A59-4A1F-B218-843E723F4B59}.Debug|Any CPU.ActiveCfg = Debug|Any CPU
		{EE41937A-2A59-4A1F-B218-843E723F4B59}.Debug|Any CPU.Build.0 = Debug|Any CPU
		{EE41937A-2A59-4A1F-B218-843E723F4B59}.Release|Any CPU.ActiveCfg = Release|Any CPU
		{EE41937A-2A59-4A1F-B218-843E723F4B59}.Release|Any CPU.Build.0 = Release|Any CPU
		{A7E3B864-80A4-48F9-A86F-63A06ACC12A9}.Debug|Any CPU.ActiveCfg = Debug|Any CPU
		{A7E3B864-80A4-48F9-A86F-63A06ACC12A9}.Debug|Any CPU.Build.0 = Debug|Any CPU
		{A7E3B864-80A4-48F9-A86F-63A06ACC12A9}.Release|Any CPU.ActiveCfg = Release|Any CPU
		{A7E3B864-80A4-48F9-A86F-63A06ACC12A9}.Release|Any CPU.Build.0 = Release|Any CPU
		{F9257307-26E7-4736-A26A-26CC592EA2A2}.Debug|Any CPU.ActiveCfg = Debug|Any CPU
		{F9257307-26E7-4736-A26A-26CC592EA2A2}.Debug|Any CPU.Build.0 = Debug|Any CPU
		{F9257307-26E7-4736-A26A-26CC592EA2A2}.Release|Any CPU.ActiveCfg = Release|Any CPU
		{F9257307-26E7-4736-A26A-26CC592EA2A2}.Release|Any CPU.Build.0 = Release|Any CPU
		{75DA4DC6-F97A-478D-A687-03694BA43F38}.Debug|Any CPU.ActiveCfg = Debug|Any CPU
		{75DA4DC6-F97A-478D-A687-03694BA43F38}.Debug|Any CPU.Build.0 = Debug|Any CPU
		{75DA4DC6-F97A-478D-A687-03694BA43F38}.Release|Any CPU.ActiveCfg = Release|Any CPU
		{75DA4DC6-F97A-478D-A687-03694BA43F38}.Release|Any CPU.Build.0 = Release|Any CPU
		{4D085328-BE7C-4D55-BA2A-3C75ABB8AAE7}.Debug|Any CPU.ActiveCfg = Debug|Any CPU
		{4D085328-BE7C-4D55-BA2A-3C75ABB8AAE7}.Debug|Any CPU.Build.0 = Debug|Any CPU
		{4D085328-BE7C-4D55-BA2A-3C75ABB8AAE7}.Release|Any CPU.ActiveCfg = Release|Any CPU
		{4D085328-BE7C-4D55-BA2A-3C75ABB8AAE7}.Release|Any CPU.Build.0 = Release|Any CPU
		{F9650D8F-4CF0-44A9-966B-D5734A67245B}.Debug|Any CPU.ActiveCfg = Debug|Any CPU
		{F9650D8F-4CF0-44A9-966B-D5734A67245B}.Debug|Any CPU.Build.0 = Debug|Any CPU
		{F9650D8F-4CF0-44A9-966B-D5734A67245B}.Release|Any CPU.ActiveCfg = Release|Any CPU
		{F9650D8F-4CF0-44A9-966B-D5734A67245B}.Release|Any CPU.Build.0 = Release|Any CPU
		{31C53DA4-6859-47FD-845B-AAE234E39B92}.Debug|Any CPU.ActiveCfg = Debug|Any CPU
		{31C53DA4-6859-47FD-845B-AAE234E39B92}.Debug|Any CPU.Build.0 = Debug|Any CPU
		{31C53DA4-6859-47FD-845B-AAE234E39B92}.Release|Any CPU.ActiveCfg = Release|Any CPU
		{31C53DA4-6859-47FD-845B-AAE234E39B92}.Release|Any CPU.Build.0 = Release|Any CPU
		{2F697F6B-D6F4-49F2-B935-1965433C46B8}.Debug|Any CPU.ActiveCfg = Debug|Any CPU
		{2F697F6B-D6F4-49F2-B935-1965433C46B8}.Debug|Any CPU.Build.0 = Debug|Any CPU
		{2F697F6B-D6F4-49F2-B935-1965433C46B8}.Release|Any CPU.ActiveCfg = Release|Any CPU
		{2F697F6B-D6F4-49F2-B935-1965433C46B8}.Release|Any CPU.Build.0 = Release|Any CPU
		{15EC304F-AC99-436F-804C-F588D13FB7CE}.Debug|Any CPU.ActiveCfg = Debug|Any CPU
		{15EC304F-AC99-436F-804C-F588D13FB7CE}.Debug|Any CPU.Build.0 = Debug|Any CPU
		{15EC304F-AC99-436F-804C-F588D13FB7CE}.Release|Any CPU.ActiveCfg = Release|Any CPU
		{15EC304F-AC99-436F-804C-F588D13FB7CE}.Release|Any CPU.Build.0 = Release|Any CPU
		{869AE482-AE14-446E-A292-4457BA8F4967}.Debug|Any CPU.ActiveCfg = Debug|Any CPU
		{869AE482-AE14-446E-A292-4457BA8F4967}.Debug|Any CPU.Build.0 = Debug|Any CPU
		{869AE482-AE14-446E-A292-4457BA8F4967}.Release|Any CPU.ActiveCfg = Release|Any CPU
		{869AE482-AE14-446E-A292-4457BA8F4967}.Release|Any CPU.Build.0 = Release|Any CPU
		{99481D60-D152-4612-8858-CC7FC906C26A}.Debug|Any CPU.ActiveCfg = Debug|Any CPU
		{99481D60-D152-4612-8858-CC7FC906C26A}.Debug|Any CPU.Build.0 = Debug|Any CPU
		{99481D60-D152-4612-8858-CC7FC906C26A}.Release|Any CPU.ActiveCfg = Release|Any CPU
		{99481D60-D152-4612-8858-CC7FC906C26A}.Release|Any CPU.Build.0 = Release|Any CPU
		{8282F02F-368B-47C2-B27B-45759DB5810D}.Debug|Any CPU.ActiveCfg = Debug|Any CPU
		{8282F02F-368B-47C2-B27B-45759DB5810D}.Debug|Any CPU.Build.0 = Debug|Any CPU
		{8282F02F-368B-47C2-B27B-45759DB5810D}.Release|Any CPU.ActiveCfg = Release|Any CPU
		{8282F02F-368B-47C2-B27B-45759DB5810D}.Release|Any CPU.Build.0 = Release|Any CPU
		{EDD26151-952B-41CC-8666-6D5526CA8443}.Debug|Any CPU.ActiveCfg = Debug|Any CPU
		{EDD26151-952B-41CC-8666-6D5526CA8443}.Debug|Any CPU.Build.0 = Debug|Any CPU
		{EDD26151-952B-41CC-8666-6D5526CA8443}.Release|Any CPU.ActiveCfg = Release|Any CPU
		{EDD26151-952B-41CC-8666-6D5526CA8443}.Release|Any CPU.Build.0 = Release|Any CPU
		{3DB51CCA-0529-44A5-91CF-C0EA0D4A2FDB}.Debug|Any CPU.ActiveCfg = Debug|Any CPU
		{3DB51CCA-0529-44A5-91CF-C0EA0D4A2FDB}.Debug|Any CPU.Build.0 = Debug|Any CPU
		{3DB51CCA-0529-44A5-91CF-C0EA0D4A2FDB}.Release|Any CPU.ActiveCfg = Release|Any CPU
		{3DB51CCA-0529-44A5-91CF-C0EA0D4A2FDB}.Release|Any CPU.Build.0 = Release|Any CPU
		{964117D3-9980-4CE4-BCF7-3D67273CFBB3}.Debug|Any CPU.ActiveCfg = Debug|Any CPU
		{964117D3-9980-4CE4-BCF7-3D67273CFBB3}.Debug|Any CPU.Build.0 = Debug|Any CPU
		{964117D3-9980-4CE4-BCF7-3D67273CFBB3}.Release|Any CPU.ActiveCfg = Release|Any CPU
		{964117D3-9980-4CE4-BCF7-3D67273CFBB3}.Release|Any CPU.Build.0 = Release|Any CPU
		{EFEA9A92-B27A-4CEF-93F5-02161F88B693}.Debug|Any CPU.ActiveCfg = Debug|Any CPU
		{EFEA9A92-B27A-4CEF-93F5-02161F88B693}.Debug|Any CPU.Build.0 = Debug|Any CPU
		{EFEA9A92-B27A-4CEF-93F5-02161F88B693}.Release|Any CPU.ActiveCfg = Release|Any CPU
		{EFEA9A92-B27A-4CEF-93F5-02161F88B693}.Release|Any CPU.Build.0 = Release|Any CPU
		{0284AF70-6505-4840-83B8-FC4CE9A62234}.Debug|Any CPU.ActiveCfg = Debug|Any CPU
		{0284AF70-6505-4840-83B8-FC4CE9A62234}.Debug|Any CPU.Build.0 = Debug|Any CPU
		{0284AF70-6505-4840-83B8-FC4CE9A62234}.Release|Any CPU.ActiveCfg = Release|Any CPU
		{0284AF70-6505-4840-83B8-FC4CE9A62234}.Release|Any CPU.Build.0 = Release|Any CPU
		{F157B6D8-88B0-4F91-BBC9-D3986F002B91}.Debug|Any CPU.ActiveCfg = Debug|Any CPU
		{F157B6D8-88B0-4F91-BBC9-D3986F002B91}.Debug|Any CPU.Build.0 = Debug|Any CPU
		{F157B6D8-88B0-4F91-BBC9-D3986F002B91}.Release|Any CPU.ActiveCfg = Release|Any CPU
		{F157B6D8-88B0-4F91-BBC9-D3986F002B91}.Release|Any CPU.Build.0 = Release|Any CPU
		{DFABD195-7F3D-4B51-9958-EFFA56D00856}.Debug|Any CPU.ActiveCfg = Debug|Any CPU
		{DFABD195-7F3D-4B51-9958-EFFA56D00856}.Debug|Any CPU.Build.0 = Debug|Any CPU
		{DFABD195-7F3D-4B51-9958-EFFA56D00856}.Release|Any CPU.ActiveCfg = Release|Any CPU
		{DFABD195-7F3D-4B51-9958-EFFA56D00856}.Release|Any CPU.Build.0 = Release|Any CPU
		{E2A0274C-D928-43C8-AE3C-CA458352891C}.Debug|Any CPU.ActiveCfg = Debug|Any CPU
		{E2A0274C-D928-43C8-AE3C-CA458352891C}.Debug|Any CPU.Build.0 = Debug|Any CPU
		{E2A0274C-D928-43C8-AE3C-CA458352891C}.Release|Any CPU.ActiveCfg = Release|Any CPU
		{E2A0274C-D928-43C8-AE3C-CA458352891C}.Release|Any CPU.Build.0 = Release|Any CPU
		{1CBFF854-028A-407D-AC37-D16AE2C0C81B}.Debug|Any CPU.ActiveCfg = Debug|Any CPU
		{1CBFF854-028A-407D-AC37-D16AE2C0C81B}.Debug|Any CPU.Build.0 = Debug|Any CPU
		{1CBFF854-028A-407D-AC37-D16AE2C0C81B}.Release|Any CPU.ActiveCfg = Release|Any CPU
		{1CBFF854-028A-407D-AC37-D16AE2C0C81B}.Release|Any CPU.Build.0 = Release|Any CPU
		{160F2F4A-DF1D-4587-A997-D0D6F60F36F3}.Debug|Any CPU.ActiveCfg = Debug|Any CPU
		{160F2F4A-DF1D-4587-A997-D0D6F60F36F3}.Debug|Any CPU.Build.0 = Debug|Any CPU
		{160F2F4A-DF1D-4587-A997-D0D6F60F36F3}.Release|Any CPU.ActiveCfg = Release|Any CPU
		{160F2F4A-DF1D-4587-A997-D0D6F60F36F3}.Release|Any CPU.Build.0 = Release|Any CPU
		{E032B311-77EC-43B2-A72C-AA42E6500898}.Debug|Any CPU.ActiveCfg = Debug|Any CPU
		{E032B311-77EC-43B2-A72C-AA42E6500898}.Debug|Any CPU.Build.0 = Debug|Any CPU
		{E032B311-77EC-43B2-A72C-AA42E6500898}.Release|Any CPU.ActiveCfg = Release|Any CPU
		{E032B311-77EC-43B2-A72C-AA42E6500898}.Release|Any CPU.Build.0 = Release|Any CPU
		{AFA72604-F79F-44F9-A967-939D6A94C35B}.Debug|Any CPU.ActiveCfg = Debug|Any CPU
		{AFA72604-F79F-44F9-A967-939D6A94C35B}.Debug|Any CPU.Build.0 = Debug|Any CPU
		{AFA72604-F79F-44F9-A967-939D6A94C35B}.Release|Any CPU.ActiveCfg = Release|Any CPU
		{AFA72604-F79F-44F9-A967-939D6A94C35B}.Release|Any CPU.Build.0 = Release|Any CPU
	EndGlobalSection
EndGlobal
